{
  "pins" : [
    {
      "identity" : "fluidaudio",
      "kind" : "remoteSourceControl",
      "location" : "https://github.com/FluidInference/FluidAudio.git",
      "state" : {
        "branch" : "main",
        "revision" : "f3760dc3962626d337548e5ccbfbb5fa6f7cc2e2"
      }
    }
  ],
  "version" : 2
}
